
Microsoft Visual Studio Solution File, Format Version 12.00
# Visual Studio Version 17
VisualStudioVersion = 17.7.34009.444
MinimumVisualStudioVersion = 10.0.40219.1
Project("{FAE04EC0-301F-11D3-BF4B-00C04F79EFBC}") = "JojoAPI", "JojoAPI\JojoAPI.csproj", "{0D563E46-33B0-4E51-A5F9-443A35C0A80D}"
EndProject
Global
	GlobalSection(SolutionConfigurationPlatforms) = preSolution
		Debug|Any CPU = Debug|Any CPU
		Release|Any CPU = Release|Any CPU
	EndGlobalSection
	GlobalSection(ProjectConfigurationPlatforms) = postSolution
		{0D563E46-33B0-4E51-A5F9-443A35C0A80D}.Debug|Any CPU.ActiveCfg = Debug|Any CPU
		{0D563E46-33B0-4E51-A5F9-443A35C0A80D}.Debug|Any CPU.Build.0 = Debug|Any CPU
		{0D563E46-33B0-4E51-A5F9-443A35C0A80D}.Release|Any CPU.ActiveCfg = Release|Any CPU
		{0D563E46-33B0-4E51-A5F9-443A35C0A80D}.Release|Any CPU.Build.0 = Release|Any CPU
	EndGlobalSection
	GlobalSection(SolutionProperties) = preSolution
		HideSolutionNode = FALSE
	EndGlobalSection
	GlobalSection(ExtensibilityGlobals) = postSolution
		SolutionGuid = {3B63924D-92E4-4022-AD50-BDF44F614857}
	EndGlobalSection
EndGlobal
